// !$*UTF8*$!
{
	archiveVersion = 1;
	classes = {
	};
	objectVersion = 56;
	objects = {

/* Begin PBXBuildFile section */
		64BAAE772B8C8C3A00D85ED0 /* AppDelegate.swift in Sources */ = {isa = PBXBuildFile; fileRef = 64BAAE762B8C8C3A00D85ED0 /* AppDelegate.swift */; };
		64BAAE792B8C8C3A00D85ED0 /* SceneDelegate.swift in Sources */ = {isa = PBXBuildFile; fileRef = 64BAAE782B8C8C3A00D85ED0 /* SceneDelegate.swift */; };
		64BAAE7B2B8C8C3A00D85ED0 /* ViewController.swift in Sources */ = {isa = PBXBuildFile; fileRef = 64BAAE7A2B8C8C3A00D85ED0 /* ViewController.swift */; };
		64BAAE7E2B8C8C3A00D85ED0 /* Main.storyboard in Resources */ = {isa = PBXBuildFile; fileRef = 64BAAE7C2B8C8C3A00D85ED0 /* Main.storyboard */; };
		64BAAE802B8C8C3B00D85ED0 /* Assets.xcassets in Resources */ = {isa = PBXBuildFile; fileRef = 64BAAE7F2B8C8C3B00D85ED0 /* Assets.xcassets */; };
		64BAAE832B8C8C3B00D85ED0 /* LaunchScreen.storyboard in Resources */ = {isa = PBXBuildFile; fileRef = 64BAAE812B8C8C3B00D85ED0 /* LaunchScreen.storyboard */; };
		64BAAE8B2B8C8C7400D85ED0 /* FirstView.swift in Sources */ = {isa = PBXBuildFile; fileRef = 64BAAE8A2B8C8C7400D85ED0 /* FirstView.swift */; };
/* End PBXBuildFile section */

/* Begin PBXFileReference section */
		64BAAE732B8C8C3A00D85ED0 /* Singaleton.app */ = {isa = PBXFileReference; explicitFileType = wrapper.application; includeInIndex = 0; path = Singaleton.app; sourceTree = BUILT_PRODUCTS_DIR; };
		64BAAE762B8C8C3A00D85ED0 /* AppDelegate.swift */ = {isa = PBXFileReference; lastKnownFileType = sourcecode.swift; path = AppDelegate.swift; sourceTree = "<group>"; };
		64BAAE782B8C8C3A00D85ED0 /* SceneDelegate.swift */ = {isa = PBXFileReference; lastKnownFileType = sourcecode.swift; path = SceneDelegate.swift; sourceTree = "<group>"; };
		64BAAE7A2B8C8C3A00D85ED0 /* ViewController.swift */ = {isa = PBXFileReference; lastKnownFileType = sourcecode.swift; path = ViewController.swift; sourceTree = "<group>"; };
		64BAAE7D2B8C8C3A00D85ED0 /* Base */ = {isa = PBXFileReference; lastKnownFileType = file.storyboard; name = Base; path = Base.lproj/Main.storyboard; sourceTree = "<group>"; };
		64BAAE7F2B8C8C3B00D85ED0 /* Assets.xcassets */ = {isa = PBXFileReference; lastKnownFileType = folder.assetcatalog; path = Assets.xcassets; sourceTree = "<group>"; };
		64BAAE822B8C8C3B00D85ED0 /* Base */ = {isa = PBXFileReference; lastKnownFileType = file.storyboard; name = Base; path = Base.lproj/LaunchScreen.storyboard; sourceTree = "<group>"; };
		64BAAE842B8C8C3B00D85ED0 /* Info.plist */ = {isa = PBXFileReference; lastKnownFileType = text.plist.xml; path = Info.plist; sourceTree = "<group>"; };
		64BAAE8A2B8C8C7400D85ED0 /* FirstView.swift */ = {isa = PBXFileReference; lastKnownFileType = sourcecode.swift; path = FirstView.swift; sourceTree = "<group>"; };
/* End PBXFileReference section */

/* Begin PBXFrameworksBuildPhase section */
		64BAAE702B8C8C3A00D85ED0 /* Frameworks */ = {
			isa = PBXFrameworksBuildPhase;
			buildActionMask = 2147483647;
			files = (
			);
			runOnlyForDeploymentPostprocessing = 0;
		};
/* End PBXFrameworksBuildPhase section */

/* Begin PBXGroup section */
		64BAAE6A2B8C8C3A00D85ED0 = {
			isa = PBXGroup;
			children = (
				64BAAE752B8C8C3A00D85ED0 /* Singaleton */,
				64BAAE742B8C8C3A00D85ED0 /* Products */,
			);
			sourceTree = "<group>";
		};
		64BAAE742B8C8C3A00D85ED0 /* Products */ = {
			isa = PBXGroup;
			children = (
				64BAAE732B8C8C3A00D85ED0 /* Singaleton.app */,
			);
			name = Products;
			sourceTree = "<group>";
		};
		64BAAE752B8C8C3A00D85ED0 /* Singaleton */ = {
			isa = PBXGroup;
			children = (
				64BAAE762B8C8C3A00D85ED0 /* AppDelegate.swift */,
				64BAAE782B8C8C3A00D85ED0 /* SceneDelegate.swift */,
				64BAAE7A2B8C8C3A00D85ED0 /* ViewController.swift */,
				64BAAE7C2B8C8C3A00D85ED0 /* Main.storyboard */,
				64BAAE7F2B8C8C3B00D85ED0 /* Assets.xcassets */,
				64BAAE812B8C8C3B00D85ED0 /* LaunchScreen.storyboard */,
				64BAAE842B8C8C3B00D85ED0 /* Info.plist */,
				64BAAE8A2B8C8C7400D85ED0 /* FirstView.swift */,
			);
			path = Singaleton;
			sourceTree = "<group>";
		};
/* End PBXGroup section */

/* Begin PBXNativeTarget section */
		64BAAE722B8C8C3A00D85ED0 /* Singaleton */ = {
			isa = PBXNativeTarget;
			buildConfigurationList = 64BAAE872B8C8C3B00D85ED0 /* Build configuration list for PBXNativeTarget "Singaleton" */;
			buildPhases = (
				64BAAE6F2B8C8C3A00D85ED0 /* Sources */,
				64BAAE702B8C8C3A00D85ED0 /* Frameworks */,
				64BAAE712B8C8C3A00D85ED0 /* Resources */,
			);
			buildRules = (
			);
			dependencies = (
			);
			name = Singaleton;
			productName = Singaleton;
			productReference = 64BAAE732B8C8C3A00D85ED0 /* Singaleton.app */;
			productType = "com.apple.product-type.application";
		};
/* End PBXNativeTarget section */

/* Begin PBXProject section */
		64BAAE6B2B8C8C3A00D85ED0 /* Project object */ = {
			isa = PBXProject;
			attributes = {
				BuildIndependentTargetsInParallel = 1;
				LastSwiftUpdateCheck = 1520;
				LastUpgradeCheck = 1520;
				TargetAttributes = {
					64BAAE722B8C8C3A00D85ED0 = {
						CreatedOnToolsVersion = 15.2;
					};
				};
			};
			buildConfigurationList = 64BAAE6E2B8C8C3A00D85ED0 /* Build configuration list for PBXProject "Singaleton" */;
			compatibilityVersion = "Xcode 14.0";
			developmentRegion = en;
			hasScannedForEncodings = 0;
			knownRegions = (
				en,
				Base,
			);
			mainGroup = 64BAAE6A2B8C8C3A00D85ED0;
			productRefGroup = 64BAAE742B8C8C3A00D85ED0 /* Products */;
			projectDirPath = "";
			projectRoot = "";
			targets = (
				64BAAE722B8C8C3A00D85ED0 /* Singaleton */,
			);
		};
/* End PBXProject section */

/* Begin PBXResourcesBuildPhase section */
		64BAAE712B8C8C3A00D85ED0 /* Resources */ = {
			isa = PBXResourcesBuildPhase;
			buildActionMask = 2147483647;
			files = (
				64BAAE832B8C8C3B00D85ED0 /* LaunchScreen.storyboard in Resources */,
				64BAAE802B8C8C3B00D85ED0 /* Assets.xcassets in Resources */,
				64BAAE7E2B8C8C3A00D85ED0 /* Main.storyboard in Resources */,
			);
			runOnlyForDeploymentPostprocessing = 0;
		};
/* End PBXResourcesBuildPhase section */

/* Begin PBXSourcesBuildPhase section */
		64BAAE6F2B8C8C3A00D85ED0 /* Sources */ = {
			isa = PBXSourcesBuildPhase;
			buildActionMask = 2147483647;
			files = (
				64BAAE7B2B8C8C3A00D85ED0 /* ViewController.swift in Sources */,
				64BAAE8B2B8C8C7400D85ED0 /* FirstView.swift in Sources */,
				64BAAE772B8C8C3A00D85ED0 /* AppDelegate.swift in Sources */,
				64BAAE792B8C8C3A00D85ED0 /* SceneDelegate.swift in Sources */,
			);
			runOnlyForDeploymentPostprocessing = 0;
		};
/* End PBXSourcesBuildPhase section */

/* Begin PBXVariantGroup section */
		64BAAE7C2B8C8C3A00D85ED0 /* Main.storyboard */ = {
			isa = PBXVariantGroup;
			children = (
				64BAAE7D2B8C8C3A00D85ED0 /* Base */,
			);
			name = Main.storyboard;
			sourceTree = "<group>";
		};
		64BAAE812B8C8C3B00D85ED0 /* LaunchScreen.storyboard */ = {
			isa = PBXVariantGroup;
			children = (
				64BAAE822B8C8C3B00D85ED0 /* Base */,
			);
			name = LaunchScreen.storyboard;
			sourceTree = "<group>";
		};
/* End PBXVariantGroup section */

/* Begin XCBuildConfiguration section */
		64BAAE852B8C8C3B00D85ED0 /* Debug */ = {
			isa = XCBuildConfiguration;
			buildSettings = {
				ALWAYS_SEARCH_USER_PATHS = NO;
				ASSETCATALOG_COMPILER_GENERATE_SWIFT_ASSET_SYMBOL_EXTENSIONS = YES;
				CLANG_ANALYZER_NONNULL = YES;
				CLANG_ANALYZER_NUMBER_OBJECT_CONVERSION = YES_AGGRESSIVE;
				CLANG_CXX_LANGUAGE_STANDARD = "gnu++20";
				CLANG_ENABLE_MODULES = YES;
				CLANG_ENABLE_OBJC_ARC = YES;
				CLANG_ENABLE_OBJC_WEAK = YES;
				CLANG_WARN_BLOCK_CAPTURE_AUTORELEASING = YES;
				CLANG_WARN_BOOL_CONVERSION = YES;
				CLANG_WARN_COMMA = YES;
				CLANG_WARN_CONSTANT_CONVERSION = YES;
				CLANG_WARN_DEPRECATED_OBJC_IMPLEMENTATIONS = YES;
				CLANG_WARN_DIRECT_OBJC_ISA_USAGE = YES_ERROR;
				CLANG_WARN_DOCUMENTATION_COMMENTS = YES;
				CLANG_WARN_EMPTY_BODY = YES;
				CLANG_WARN_ENUM_CONVERSION = YES;
				CLANG_WARN_INFINITE_RECURSION = YES;
				CLANG_WARN_INT_CONVERSION = YES;
				CLANG_WARN_NON_LITERAL_NULL_CONVERSION = YES;
				CLANG_WARN_OBJC_IMPLICIT_RETAIN_SELF = YES;
				CLANG_WARN_OBJC_LITERAL_CONVERSION = YES;
				CLANG_WARN_OBJC_ROOT_CLASS = YES_ERROR;
				CLANG_WARN_QUOTED_INCLUDE_IN_FRAMEWORK_HEADER = YES;
				CLANG_WARN_RANGE_LOOP_ANALYSIS = YES;
				CLANG_WARN_STRICT_PROTOTYPES = YES;
				CLANG_WARN_SUSPICIOUS_MOVE = YES;
				CLANG_WARN_UNGUARDED_AVAILABILITY = YES_AGGRESSIVE;
				CLANG_WARN_UNREACHABLE_CODE = YES;
				CLANG_WARN__DUPLICATE_METHOD_MATCH = YES;
				COPY_PHASE_STRIP = NO;
				DEBUG_INFORMATION_FORMAT = dwarf;
				ENABLE_STRICT_OBJC_MSGSEND = YES;
				ENABLE_TESTABILITY = YES;
				ENABLE_USER_SCRIPT_SANDBOXING = YES;
				GCC_C_LANGUAGE_STANDARD = gnu17;
				GCC_DYNAMIC_NO_PIC = NO;
				GCC_NO_COMMON_BLOCKS = YES;
				GCC_OPTIMIZATION_LEVEL = 0;
				GCC_PREPROCESSOR_DEFINITIONS = (
					"DEBUG=1",
					"$(inherited)",
				);
				GCC_WARN_64_TO_32_BIT_CONVERSION = YES;
				GCC_WARN_ABOUT_RETURN_TYPE = YES_ERROR;
				GCC_WARN_UNDECLARED_SELECTOR = YES;
				GCC_WARN_UNINITIALIZED_AUTOS = YES_AGGRESSIVE;
				GCC_WARN_UNUSED_FUNCTION = YES;
				GCC_WARN_UNUSED_VARIABLE = YES;
				IPHONEOS_DEPLOYMENT_TARGET = 17.2;
				LOCALIZATION_PREFERS_STRING_CATALOGS = YES;
				MTL_ENABLE_DEBUG_INFO = INCLUDE_SOURCE;
				MTL_FAST_MATH = YES;
				ONLY_ACTIVE_ARCH = YES;
				SDKROOT = iphoneos;
				SWIFT_ACTIVE_COMPILATION_CONDITIONS = "DEBUG $(inherited)";
				SWIFT_OPTIMIZATION_LEVEL = "-Onone";
			};
			name = Debug;
		};
		64BAAE862B8C8C3B00D85ED0 /* Release */ = {
			isa = XCBuildConfiguration;
			buildSettings = {
				ALWAYS_SEARCH_USER_PATHS = NO;
				ASSETCATALOG_COMPILER_GENERATE_SWIFT_ASSET_SYMBOL_EXTENSIONS = YES;
				CLANG_ANALYZER_NONNULL = YES;
				CLANG_ANALYZER_NUMBER_OBJECT_CONVERSION = YES_AGGRESSIVE;
				CLANG_CXX_LANGUAGE_STANDARD = "gnu++20";
				CLANG_ENABLE_MODULES = YES;
				CLANG_ENABLE_OBJC_ARC = YES;
				CLANG_ENABLE_OBJC_WEAK = YES;
				CLANG_WARN_BLOCK_CAPTURE_AUTORELEASING = YES;
				CLANG_WARN_BOOL_CONVERSION = YES;
				CLANG_WARN_COMMA = YES;
				CLANG_WARN_CONSTANT_CONVERSION = YES;
				CLANG_WARN_DEPRECATED_OBJC_IMPLEMENTATIONS = YES;
				CLANG_WARN_DIRECT_OBJC_ISA_USAGE = YES_ERROR;
				CLANG_WARN_DOCUMENTATION_COMMENTS = YES;
				CLANG_WARN_EMPTY_BODY = YES;
				CLANG_WARN_ENUM_CONVERSION = YES;
				CLANG_WARN_INFINITE_RECURSION = YES;
				CLANG_WARN_INT_CONVERSION = YES;
				CLANG_WARN_NON_LITERAL_NULL_CONVERSION = YES;
				CLANG_WARN_OBJC_IMPLICIT_RETAIN_SELF = YES;
				CLANG_WARN_OBJC_LITERAL_CONVERSION = YES;
				CLANG_WARN_OBJC_ROOT_CLASS = YES_ERROR;
				CLANG_WARN_QUOTED_INCLUDE_IN_FRAMEWORK_HEADER = YES;
				CLANG_WARN_RANGE_LOOP_ANALYSIS = YES;
				CLANG_WARN_STRICT_PROTOTYPES = YES;
				CLANG_WARN_SUSPICIOUS_MOVE = YES;
				CLANG_WARN_UNGUARDED_AVAILABILITY = YES_AGGRESSIVE;
				CLANG_WARN_UNREACHABLE_CODE = YES;
				CLANG_WARN__DUPLICATE_METHOD_MATCH = YES;
				COPY_PHASE_STRIP = NO;
				DEBUG_INFORMATION_FORMAT = "dwarf-with-dsym";
				ENABLE_NS_ASSERTIONS = NO;
				ENABLE_STRICT_OBJC_MSGSEND = YES;
				ENABLE_USER_SCRIPT_SANDBOXING = YES;
				GCC_C_LANGUAGE_STANDARD = gnu17;
				GCC_NO_COMMON_BLOCKS = YES;
				GCC_WARN_64_TO_32_BIT_CONVERSION = YES;
				GCC_WARN_ABOUT_RETURN_TYPE = YES_ERROR;
				GCC_WARN_UNDECLARED_SELECTOR = YES;
				GCC_WARN_UNINITIALIZED_AUTOS = YES_AGGRESSIVE;
				GCC_WARN_UNUSED_FUNCTION = YES;
				GCC_WARN_UNUSED_VARIABLE = YES;
				IPHONEOS_DEPLOYMENT_TARGET = 17.2;
				LOCALIZATION_PREFERS_STRING_CATALOGS = YES;
				MTL_ENABLE_DEBUG_INFO = NO;
				MTL_FAST_MATH = YES;
				SDKROOT = iphoneos;
				SWIFT_COMPILATION_MODE = wholemodule;
				VALIDATE_PRODUCT = YES;
			};
			name = Release;
		};
		64BAAE882B8C8C3B00D85ED0 /* Debug */ = {
			isa = XCBuildConfiguration;
			buildSettings = {
				ASSETCATALOG_COMPILER_APPICON_NAME = AppIcon;
				ASSETCATALOG_COMPILER_GLOBAL_ACCENT_COLOR_NAME = AccentColor;
				CODE_SIGN_STYLE = Automatic;
				CURRENT_PROJECT_VERSION = 1;
				DEVELOPMENT_TEAM = 9M93D9D99A;
				GENERATE_INFOPLIST_FILE = YES;
				INFOPLIST_FILE = Singaleton/Info.plist;
				INFOPLIST_KEY_UIApplicationSupportsIndirectInputEvents = YES;
				INFOPLIST_KEY_UILaunchStoryboardName = LaunchScreen;
				INFOPLIST_KEY_UIMainStoryboardFile = Main;
				INFOPLIST_KEY_UISupportedInterfaceOrientations_iPad = "UIInterfaceOrientationPortrait UIInterfaceOrientationPortraitUpsideDown UIInterfaceOrientationLandscapeLeft UIInterfaceOrientationLandscapeRight";
				INFOPLIST_KEY_UISupportedInterfaceOrientations_iPhone = "UIInterfaceOrientationPortrait UIInterfaceOrientationLandscapeLeft UIInterfaceOrientationLandscapeRight";
				LD_RUNPATH_SEARCH_PATHS = (
					"$(inherited)",
					"@executable_path/Frameworks",
				);
				MARKETING_VERSION = 1.0;
				PRODUCT_BUNDLE_IDENTIFIER = com.fdemirgann.Singaleton;
				PRODUCT_NAME = "$(TARGET_NAME)";
				SWIFT_EMIT_LOC_STRINGS = YES;
				SWIFT_VERSION = 5.0;
				TARGETED_DEVICE_FAMILY = "1,2";
			};
			name = Debug;
		};
		64BAAE892B8C8C3B00D85ED0 /* Release */ = {
			isa = XCBuildConfiguration;
			buildSettings = {
				ASSETCATALOG_COMPILER_APPICON_NAME = AppIcon;
				ASSETCATALOG_COMPILER_GLOBAL_ACCENT_COLOR_NAME = AccentColor;
				CODE_SIGN_STYLE = Automatic;
				CURRENT_PROJECT_VERSION = 1;
				DEVELOPMENT_TEAM = 9M93D9D99A;
				GENERATE_INFOPLIST_FILE = YES;
				INFOPLIST_FILE = Singaleton/Info.plist;
				INFOPLIST_KEY_UIApplicationSupportsIndirectInputEvents = YES;
				INFOPLIST_KEY_UILaunchStoryboardName = LaunchScreen;
				INFOPLIST_KEY_UIMainStoryboardFile = Main;
				INFOPLIST_KEY_UISupportedInterfaceOrientations_iPad = "UIInterfaceOrientationPortrait UIInterfaceOrientationPortraitUpsideDown UIInterfaceOrientationLandscapeLeft UIInterfaceOrientationLandscapeRight";
				INFOPLIST_KEY_UISupportedInterfaceOrientations_iPhone = "UIInterfaceOrientationPortrait UIInterfaceOrientationLandscapeLeft UIInterfaceOrientationLandscapeRight";
				LD_RUNPATH_SEARCH_PATHS = (
					"$(inherited)",
					"@executable_path/Frameworks",
				);
				MARKETING_VERSION = 1.0;
				PRODUCT_BUNDLE_IDENTIFIER = com.fdemirgann.Singaleton;
				PRODUCT_NAME = "$(TARGET_NAME)";
				SWIFT_EMIT_LOC_STRINGS = YES;
				SWIFT_VERSION = 5.0;
				TARGETED_DEVICE_FAMILY = "1,2";
			};
			name = Release;
		};
/* End XCBuildConfiguration section */

/* Begin XCConfigurationList section */
		64BAAE6E2B8C8C3A00D85ED0 /* Build configuration list for PBXProject "Singaleton" */ = {
			isa = XCConfigurationList;
			buildConfigurations = (
				64BAAE852B8C8C3B00D85ED0 /* Debug */,
				64BAAE862B8C8C3B00D85ED0 /* Release */,
			);
			defaultConfigurationIsVisible = 0;
			defaultConfigurationName = Release;
		};
		64BAAE872B8C8C3B00D85ED0 /* Build configuration list for PBXNativeTarget "Singaleton" */ = {
			isa = XCConfigurationList;
			buildConfigurations = (
				64BAAE882B8C8C3B00D85ED0 /* Debug */,
				64BAAE892B8C8C3B00D85ED0 /* Release */,
			);
			defaultConfigurationIsVisible = 0;
			defaultConfigurationName = Release;
		};
/* End XCConfigurationList section */
	};
	rootObject = 64BAAE6B2B8C8C3A00D85ED0 /* Project object */;
}
